
Microsoft Visual Studio Solution File, Format Version 12.00
# Visual Studio Version 16
VisualStudioVersion = 16.0.29613.14
MinimumVisualStudioVersion = 10.0.40219.1
Project("{9A19103F-16F7-4668-BE54-9A1E7A4F7556}") = "dmr-api", "dmr-api.csproj", "{A7CE2913-E3EF-4DF9-968D-757D4B1C1DF6}"
EndProject
Project("{E24C65DC-7377-472B-9ABA-BC803B73C61A}") = "dmr-app", "..\dmr-app\", "{ADF7066C-DED0-4C19-8C27-2CFC74013041}"
	ProjectSection(WebsiteProperties) = preProject
		TargetFrameworkMoniker = ".NETFramework,Version%3Dv4.0"
		Debug.AspNetCompiler.VirtualPath = "/localhost_51874"
		Debug.AspNetCompiler.PhysicalPath = "..\dmr-app\"
		Debug.AspNetCompiler.TargetPath = "PrecompiledWeb\localhost_51874\"
		Debug.AspNetCompiler.Updateable = "true"
		Debug.AspNetCompiler.ForceOverwrite = "true"
		Debug.AspNetCompiler.FixedNames = "false"
		Debug.AspNetCompiler.Debug = "True"
		Release.AspNetCompiler.VirtualPath = "/localhost_51874"
		Release.AspNetCompiler.PhysicalPath = "..\dmr-app\"
		Release.AspNetCompiler.TargetPath = "PrecompiledWeb\localhost_51874\"
		Release.AspNetCompiler.Updateable = "true"
		Release.AspNetCompiler.ForceOverwrite = "true"
		Release.AspNetCompiler.FixedNames = "false"
		Release.AspNetCompiler.Debug = "False"
		VWDPort = "51874"
		SlnRelativePath = "..\dmr-app\"
	EndProjectSection
EndProject
Global
	GlobalSection(SolutionConfigurationPlatforms) = preSolution
		Debug|Any CPU = Debug|Any CPU
		Release|Any CPU = Release|Any CPU
	EndGlobalSection
	GlobalSection(ProjectConfigurationPlatforms) = postSolution
		{A7CE2913-E3EF-4DF9-968D-757D4B1C1DF6}.Debug|Any CPU.ActiveCfg = Debug|Any CPU
		{A7CE2913-E3EF-4DF9-968D-757D4B1C1DF6}.Debug|Any CPU.Build.0 = Debug|Any CPU
		{A7CE2913-E3EF-4DF9-968D-757D4B1C1DF6}.Release|Any CPU.ActiveCfg = Release|Any CPU
		{A7CE2913-E3EF-4DF9-968D-757D4B1C1DF6}.Release|Any CPU.Build.0 = Release|Any CPU
		{ADF7066C-DED0-4C19-8C27-2CFC74013041}.Debug|Any CPU.ActiveCfg = Debug|Any CPU
		{ADF7066C-DED0-4C19-8C27-2CFC74013041}.Debug|Any CPU.Build.0 = Debug|Any CPU
		{ADF7066C-DED0-4C19-8C27-2CFC74013041}.Release|Any CPU.ActiveCfg = Debug|Any CPU
		{ADF7066C-DED0-4C19-8C27-2CFC74013041}.Release|Any CPU.Build.0 = Debug|Any CPU
	EndGlobalSection
	GlobalSection(SolutionProperties) = preSolution
		HideSolutionNode = FALSE
	EndGlobalSection
	GlobalSection(ExtensibilityGlobals) = postSolution
		SolutionGuid = {DB256B96-9727-4FBB-AE9E-F19EAF54B728}
	EndGlobalSection
EndGlobal
